
Microsoft Visual Studio Solution File, Format Version 12.00
# Visual Studio Version 16
VisualStudioVersion = 16.0.29519.161
MinimumVisualStudioVersion = 10.0.40219.1
Project("{FAE04EC0-301F-11D3-BF4B-00C04F79EFBC}") = "TestAutomationFramework", "StatNav.IntegrationTests\TestAutomationFramework.csproj", "{E20FBC24-CC65-44C3-8F3E-0278B0262C02}"
EndProject
Global
	GlobalSection(SolutionConfigurationPlatforms) = preSolution
		Debug|Any CPU = Debug|Any CPU
		Release|Any CPU = Release|Any CPU
	EndGlobalSection
	GlobalSection(ProjectConfigurationPlatforms) = postSolution
		{E20FBC24-CC65-44C3-8F3E-0278B0262C02}.Debug|Any CPU.ActiveCfg = Debug|Any CPU
		{E20FBC24-CC65-44C3-8F3E-0278B0262C02}.Debug|Any CPU.Build.0 = Debug|Any CPU
		{E20FBC24-CC65-44C3-8F3E-0278B0262C02}.Release|Any CPU.ActiveCfg = Release|Any CPU
		{E20FBC24-CC65-44C3-8F3E-0278B0262C02}.Release|Any CPU.Build.0 = Release|Any CPU
	EndGlobalSection
	GlobalSection(SolutionProperties) = preSolution
		HideSolutionNode = FALSE
	EndGlobalSection
	GlobalSection(ExtensibilityGlobals) = postSolution
		SolutionGuid = {0B95CF21-B188-43AB-8DDC-EB0A4AEF04B2}
	EndGlobalSection
EndGlobal
